// !$*UTF8*$!
{
	archiveVersion = 1;
	classes = {
	};
	objectVersion = 56;
	objects = {

/* Begin PBXBuildFile section */
		88A553412AB832F200B32F46 /* FirebaseTODOAppByTCAApp.swift in Sources */ = {isa = PBXBuildFile; fileRef = 88A553402AB832F200B32F46 /* FirebaseTODOAppByTCAApp.swift */; };
		88A553432AB832F200B32F46 /* ContentView.swift in Sources */ = {isa = PBXBuildFile; fileRef = 88A553422AB832F200B32F46 /* ContentView.swift */; };
		88A553452AB832F300B32F46 /* Assets.xcassets in Resources */ = {isa = PBXBuildFile; fileRef = 88A553442AB832F300B32F46 /* Assets.xcassets */; };
		88A553482AB832F300B32F46 /* Preview Assets.xcassets in Resources */ = {isa = PBXBuildFile; fileRef = 88A553472AB832F300B32F46 /* Preview Assets.xcassets */; };
		88A553522AB832F300B32F46 /* FirebaseTODOAppByTCATests.swift in Sources */ = {isa = PBXBuildFile; fileRef = 88A553512AB832F300B32F46 /* FirebaseTODOAppByTCATests.swift */; };
		88A5535C2AB832F300B32F46 /* FirebaseTODOAppByTCAUITests.swift in Sources */ = {isa = PBXBuildFile; fileRef = 88A5535B2AB832F300B32F46 /* FirebaseTODOAppByTCAUITests.swift */; };
		88A5535E2AB832F300B32F46 /* FirebaseTODOAppByTCAUITestsLaunchTests.swift in Sources */ = {isa = PBXBuildFile; fileRef = 88A5535D2AB832F300B32F46 /* FirebaseTODOAppByTCAUITestsLaunchTests.swift */; };
/* End PBXBuildFile section */

/* Begin PBXContainerItemProxy section */
		88A5534E2AB832F300B32F46 /* PBXContainerItemProxy */ = {
			isa = PBXContainerItemProxy;
			containerPortal = 88A553352AB832F200B32F46 /* Project object */;
			proxyType = 1;
			remoteGlobalIDString = 88A5533C2AB832F200B32F46;
			remoteInfo = FirebaseTODOAppByTCA;
		};
		88A553582AB832F300B32F46 /* PBXContainerItemProxy */ = {
			isa = PBXContainerItemProxy;
			containerPortal = 88A553352AB832F200B32F46 /* Project object */;
			proxyType = 1;
			remoteGlobalIDString = 88A5533C2AB832F200B32F46;
			remoteInfo = FirebaseTODOAppByTCA;
		};
/* End PBXContainerItemProxy section */

/* Begin PBXFileReference section */
		88A5533D2AB832F200B32F46 /* FirebaseTODOAppByTCA.app */ = {isa = PBXFileReference; explicitFileType = wrapper.application; includeInIndex = 0; path = FirebaseTODOAppByTCA.app; sourceTree = BUILT_PRODUCTS_DIR; };
		88A553402AB832F200B32F46 /* FirebaseTODOAppByTCAApp.swift */ = {isa = PBXFileReference; lastKnownFileType = sourcecode.swift; path = FirebaseTODOAppByTCAApp.swift; sourceTree = "<group>"; };
		88A553422AB832F200B32F46 /* ContentView.swift */ = {isa = PBXFileReference; lastKnownFileType = sourcecode.swift; path = ContentView.swift; sourceTree = "<group>"; };
		88A553442AB832F300B32F46 /* Assets.xcassets */ = {isa = PBXFileReference; lastKnownFileType = folder.assetcatalog; path = Assets.xcassets; sourceTree = "<group>"; };
		88A553472AB832F300B32F46 /* Preview Assets.xcassets */ = {isa = PBXFileReference; lastKnownFileType = folder.assetcatalog; path = "Preview Assets.xcassets"; sourceTree = "<group>"; };
		88A5534D2AB832F300B32F46 /* FirebaseTODOAppByTCATests.xctest */ = {isa = PBXFileReference; explicitFileType = wrapper.cfbundle; includeInIndex = 0; path = FirebaseTODOAppByTCATests.xctest; sourceTree = BUILT_PRODUCTS_DIR; };
		88A553512AB832F300B32F46 /* FirebaseTODOAppByTCATests.swift */ = {isa = PBXFileReference; lastKnownFileType = sourcecode.swift; path = FirebaseTODOAppByTCATests.swift; sourceTree = "<group>"; };
		88A553572AB832F300B32F46 /* FirebaseTODOAppByTCAUITests.xctest */ = {isa = PBXFileReference; explicitFileType = wrapper.cfbundle; includeInIndex = 0; path = FirebaseTODOAppByTCAUITests.xctest; sourceTree = BUILT_PRODUCTS_DIR; };
		88A5535B2AB832F300B32F46 /* FirebaseTODOAppByTCAUITests.swift */ = {isa = PBXFileReference; lastKnownFileType = sourcecode.swift; path = FirebaseTODOAppByTCAUITests.swift; sourceTree = "<group>"; };
		88A5535D2AB832F300B32F46 /* FirebaseTODOAppByTCAUITestsLaunchTests.swift */ = {isa = PBXFileReference; lastKnownFileType = sourcecode.swift; path = FirebaseTODOAppByTCAUITestsLaunchTests.swift; sourceTree = "<group>"; };
/* End PBXFileReference section */

/* Begin PBXFrameworksBuildPhase section */
		88A5533A2AB832F200B32F46 /* Frameworks */ = {
			isa = PBXFrameworksBuildPhase;
			buildActionMask = 2147483647;
			files = (
			);
			runOnlyForDeploymentPostprocessing = 0;
		};
		88A5534A2AB832F300B32F46 /* Frameworks */ = {
			isa = PBXFrameworksBuildPhase;
			buildActionMask = 2147483647;
			files = (
			);
			runOnlyForDeploymentPostprocessing = 0;
		};
		88A553542AB832F300B32F46 /* Frameworks */ = {
			isa = PBXFrameworksBuildPhase;
			buildActionMask = 2147483647;
			files = (
			);
			runOnlyForDeploymentPostprocessing = 0;
		};
/* End PBXFrameworksBuildPhase section */

/* Begin PBXGroup section */
		88A553342AB832F200B32F46 = {
			isa = PBXGroup;
			children = (
				88A5533F2AB832F200B32F46 /* FirebaseTODOAppByTCA */,
				88A553502AB832F300B32F46 /* FirebaseTODOAppByTCATests */,
				88A5535A2AB832F300B32F46 /* FirebaseTODOAppByTCAUITests */,
				88A5533E2AB832F200B32F46 /* Products */,
			);
			sourceTree = "<group>";
		};
		88A5533E2AB832F200B32F46 /* Products */ = {
			isa = PBXGroup;
			children = (
				88A5533D2AB832F200B32F46 /* FirebaseTODOAppByTCA.app */,
				88A5534D2AB832F300B32F46 /* FirebaseTODOAppByTCATests.xctest */,
				88A553572AB832F300B32F46 /* FirebaseTODOAppByTCAUITests.xctest */,
			);
			name = Products;
			sourceTree = "<group>";
		};
		88A5533F2AB832F200B32F46 /* FirebaseTODOAppByTCA */ = {
			isa = PBXGroup;
			children = (
				88A553402AB832F200B32F46 /* FirebaseTODOAppByTCAApp.swift */,
				88A553422AB832F200B32F46 /* ContentView.swift */,
				88A553442AB832F300B32F46 /* Assets.xcassets */,
				88A553462AB832F300B32F46 /* Preview Content */,
			);
			path = FirebaseTODOAppByTCA;
			sourceTree = "<group>";
		};
		88A553462AB832F300B32F46 /* Preview Content */ = {
			isa = PBXGroup;
			children = (
				88A553472AB832F300B32F46 /* Preview Assets.xcassets */,
			);
			path = "Preview Content";
			sourceTree = "<group>";
		};
		88A553502AB832F300B32F46 /* FirebaseTODOAppByTCATests */ = {
			isa = PBXGroup;
			children = (
				88A553512AB832F300B32F46 /* FirebaseTODOAppByTCATests.swift */,
			);
			path = FirebaseTODOAppByTCATests;
			sourceTree = "<group>";
		};
		88A5535A2AB832F300B32F46 /* FirebaseTODOAppByTCAUITests */ = {
			isa = PBXGroup;
			children = (
				88A5535B2AB832F300B32F46 /* FirebaseTODOAppByTCAUITests.swift */,
				88A5535D2AB832F300B32F46 /* FirebaseTODOAppByTCAUITestsLaunchTests.swift */,
			);
			path = FirebaseTODOAppByTCAUITests;
			sourceTree = "<group>";
		};
/* End PBXGroup section */

/* Begin PBXNativeTarget section */
		88A5533C2AB832F200B32F46 /* FirebaseTODOAppByTCA */ = {
			isa = PBXNativeTarget;
			buildConfigurationList = 88A553612AB832F300B32F46 /* Build configuration list for PBXNativeTarget "FirebaseTODOAppByTCA" */;
			buildPhases = (
				88A553392AB832F200B32F46 /* Sources */,
				88A5533A2AB832F200B32F46 /* Frameworks */,
				88A5533B2AB832F200B32F46 /* Resources */,
			);
			buildRules = (
			);
			dependencies = (
			);
			name = FirebaseTODOAppByTCA;
			productName = FirebaseTODOAppByTCA;
			productReference = 88A5533D2AB832F200B32F46 /* FirebaseTODOAppByTCA.app */;
			productType = "com.apple.product-type.application";
		};
		88A5534C2AB832F300B32F46 /* FirebaseTODOAppByTCATests */ = {
			isa = PBXNativeTarget;
			buildConfigurationList = 88A553642AB832F300B32F46 /* Build configuration list for PBXNativeTarget "FirebaseTODOAppByTCATests" */;
			buildPhases = (
				88A553492AB832F300B32F46 /* Sources */,
				88A5534A2AB832F300B32F46 /* Frameworks */,
				88A5534B2AB832F300B32F46 /* Resources */,
			);
			buildRules = (
			);
			dependencies = (
				88A5534F2AB832F300B32F46 /* PBXTargetDependency */,
			);
			name = FirebaseTODOAppByTCATests;
			productName = FirebaseTODOAppByTCATests;
			productReference = 88A5534D2AB832F300B32F46 /* FirebaseTODOAppByTCATests.xctest */;
			productType = "com.apple.product-type.bundle.unit-test";
		};
		88A553562AB832F300B32F46 /* FirebaseTODOAppByTCAUITests */ = {
			isa = PBXNativeTarget;
			buildConfigurationList = 88A553672AB832F300B32F46 /* Build configuration list for PBXNativeTarget "FirebaseTODOAppByTCAUITests" */;
			buildPhases = (
				88A553532AB832F300B32F46 /* Sources */,
				88A553542AB832F300B32F46 /* Frameworks */,
				88A553552AB832F300B32F46 /* Resources */,
			);
			buildRules = (
			);
			dependencies = (
				88A553592AB832F300B32F46 /* PBXTargetDependency */,
			);
			name = FirebaseTODOAppByTCAUITests;
			productName = FirebaseTODOAppByTCAUITests;
			productReference = 88A553572AB832F300B32F46 /* FirebaseTODOAppByTCAUITests.xctest */;
			productType = "com.apple.product-type.bundle.ui-testing";
		};
/* End PBXNativeTarget section */

/* Begin PBXProject section */
		88A553352AB832F200B32F46 /* Project object */ = {
			isa = PBXProject;
			attributes = {
				BuildIndependentTargetsInParallel = 1;
				LastSwiftUpdateCheck = 1500;
				LastUpgradeCheck = 1500;
				TargetAttributes = {
					88A5533C2AB832F200B32F46 = {
						CreatedOnToolsVersion = 15.0;
					};
					88A5534C2AB832F300B32F46 = {
						CreatedOnToolsVersion = 15.0;
						TestTargetID = 88A5533C2AB832F200B32F46;
					};
					88A553562AB832F300B32F46 = {
						CreatedOnToolsVersion = 15.0;
						TestTargetID = 88A5533C2AB832F200B32F46;
					};
				};
			};
			buildConfigurationList = 88A553382AB832F200B32F46 /* Build configuration list for PBXProject "FirebaseTODOAppByTCA" */;
			compatibilityVersion = "Xcode 14.0";
			developmentRegion = en;
			hasScannedForEncodings = 0;
			knownRegions = (
				en,
				Base,
			);
			mainGroup = 88A553342AB832F200B32F46;
			productRefGroup = 88A5533E2AB832F200B32F46 /* Products */;
			projectDirPath = "";
			projectRoot = "";
			targets = (
				88A5533C2AB832F200B32F46 /* FirebaseTODOAppByTCA */,
				88A5534C2AB832F300B32F46 /* FirebaseTODOAppByTCATests */,
				88A553562AB832F300B32F46 /* FirebaseTODOAppByTCAUITests */,
			);
		};
/* End PBXProject section */

/* Begin PBXResourcesBuildPhase section */
		88A5533B2AB832F200B32F46 /* Resources */ = {
			isa = PBXResourcesBuildPhase;
			buildActionMask = 2147483647;
			files = (
				88A553482AB832F300B32F46 /* Preview Assets.xcassets in Resources */,
				88A553452AB832F300B32F46 /* Assets.xcassets in Resources */,
			);
			runOnlyForDeploymentPostprocessing = 0;
		};
		88A5534B2AB832F300B32F46 /* Resources */ = {
			isa = PBXResourcesBuildPhase;
			buildActionMask = 2147483647;
			files = (
			);
			runOnlyForDeploymentPostprocessing = 0;
		};
		88A553552AB832F300B32F46 /* Resources */ = {
			isa = PBXResourcesBuildPhase;
			buildActionMask = 2147483647;
			files = (
			);
			runOnlyForDeploymentPostprocessing = 0;
		};
/* End PBXResourcesBuildPhase section */

/* Begin PBXSourcesBuildPhase section */
		88A553392AB832F200B32F46 /* Sources */ = {
			isa = PBXSourcesBuildPhase;
			buildActionMask = 2147483647;
			files = (
				88A553432AB832F200B32F46 /* ContentView.swift in Sources */,
				88A553412AB832F200B32F46 /* FirebaseTODOAppByTCAApp.swift in Sources */,
			);
			runOnlyForDeploymentPostprocessing = 0;
		};
		88A553492AB832F300B32F46 /* Sources */ = {
			isa = PBXSourcesBuildPhase;
			buildActionMask = 2147483647;
			files = (
				88A553522AB832F300B32F46 /* FirebaseTODOAppByTCATests.swift in Sources */,
			);
			runOnlyForDeploymentPostprocessing = 0;
		};
		88A553532AB832F300B32F46 /* Sources */ = {
			isa = PBXSourcesBuildPhase;
			buildActionMask = 2147483647;
			files = (
				88A5535C2AB832F300B32F46 /* FirebaseTODOAppByTCAUITests.swift in Sources */,
				88A5535E2AB832F300B32F46 /* FirebaseTODOAppByTCAUITestsLaunchTests.swift in Sources */,
			);
			runOnlyForDeploymentPostprocessing = 0;
		};
/* End PBXSourcesBuildPhase section */

/* Begin PBXTargetDependency section */
		88A5534F2AB832F300B32F46 /* PBXTargetDependency */ = {
			isa = PBXTargetDependency;
			target = 88A5533C2AB832F200B32F46 /* FirebaseTODOAppByTCA */;
			targetProxy = 88A5534E2AB832F300B32F46 /* PBXContainerItemProxy */;
		};
		88A553592AB832F300B32F46 /* PBXTargetDependency */ = {
			isa = PBXTargetDependency;
			target = 88A5533C2AB832F200B32F46 /* FirebaseTODOAppByTCA */;
			targetProxy = 88A553582AB832F300B32F46 /* PBXContainerItemProxy */;
		};
/* End PBXTargetDependency section */

/* Begin XCBuildConfiguration section */
		88A5535F2AB832F300B32F46 /* Debug */ = {
			isa = XCBuildConfiguration;
			buildSettings = {
				ALWAYS_SEARCH_USER_PATHS = NO;
				ASSETCATALOG_COMPILER_GENERATE_SWIFT_ASSET_SYMBOL_EXTENSIONS = YES;
				CLANG_ANALYZER_NONNULL = YES;
				CLANG_ANALYZER_NUMBER_OBJECT_CONVERSION = YES_AGGRESSIVE;
				CLANG_CXX_LANGUAGE_STANDARD = "gnu++20";
				CLANG_ENABLE_MODULES = YES;
				CLANG_ENABLE_OBJC_ARC = YES;
				CLANG_ENABLE_OBJC_WEAK = YES;
				CLANG_WARN_BLOCK_CAPTURE_AUTORELEASING = YES;
				CLANG_WARN_BOOL_CONVERSION = YES;
				CLANG_WARN_COMMA = YES;
				CLANG_WARN_CONSTANT_CONVERSION = YES;
				CLANG_WARN_DEPRECATED_OBJC_IMPLEMENTATIONS = YES;
				CLANG_WARN_DIRECT_OBJC_ISA_USAGE = YES_ERROR;
				CLANG_WARN_DOCUMENTATION_COMMENTS = YES;
				CLANG_WARN_EMPTY_BODY = YES;
				CLANG_WARN_ENUM_CONVERSION = YES;
				CLANG_WARN_INFINITE_RECURSION = YES;
				CLANG_WARN_INT_CONVERSION = YES;
				CLANG_WARN_NON_LITERAL_NULL_CONVERSION = YES;
				CLANG_WARN_OBJC_IMPLICIT_RETAIN_SELF = YES;
				CLANG_WARN_OBJC_LITERAL_CONVERSION = YES;
				CLANG_WARN_OBJC_ROOT_CLASS = YES_ERROR;
				CLANG_WARN_QUOTED_INCLUDE_IN_FRAMEWORK_HEADER = YES;
				CLANG_WARN_RANGE_LOOP_ANALYSIS = YES;
				CLANG_WARN_STRICT_PROTOTYPES = YES;
				CLANG_WARN_SUSPICIOUS_MOVE = YES;
				CLANG_WARN_UNGUARDED_AVAILABILITY = YES_AGGRESSIVE;
				CLANG_WARN_UNREACHABLE_CODE = YES;
				CLANG_WARN__DUPLICATE_METHOD_MATCH = YES;
				COPY_PHASE_STRIP = NO;
				DEBUG_INFORMATION_FORMAT = dwarf;
				ENABLE_STRICT_OBJC_MSGSEND = YES;
				ENABLE_TESTABILITY = YES;
				ENABLE_USER_SCRIPT_SANDBOXING = YES;
				GCC_C_LANGUAGE_STANDARD = gnu17;
				GCC_DYNAMIC_NO_PIC = NO;
				GCC_NO_COMMON_BLOCKS = YES;
				GCC_OPTIMIZATION_LEVEL = 0;
				GCC_PREPROCESSOR_DEFINITIONS = (
					"DEBUG=1",
					"$(inherited)",
				);
				GCC_WARN_64_TO_32_BIT_CONVERSION = YES;
				GCC_WARN_ABOUT_RETURN_TYPE = YES_ERROR;
				GCC_WARN_UNDECLARED_SELECTOR = YES;
				GCC_WARN_UNINITIALIZED_AUTOS = YES_AGGRESSIVE;
				GCC_WARN_UNUSED_FUNCTION = YES;
				GCC_WARN_UNUSED_VARIABLE = YES;
				IPHONEOS_DEPLOYMENT_TARGET = 17.0;
				LOCALIZATION_PREFERS_STRING_CATALOGS = YES;
				MTL_ENABLE_DEBUG_INFO = INCLUDE_SOURCE;
				MTL_FAST_MATH = YES;
				ONLY_ACTIVE_ARCH = YES;
				SDKROOT = iphoneos;
				SWIFT_ACTIVE_COMPILATION_CONDITIONS = "DEBUG $(inherited)";
				SWIFT_OPTIMIZATION_LEVEL = "-Onone";
			};
			name = Debug;
		};
		88A553602AB832F300B32F46 /* Release */ = {
			isa = XCBuildConfiguration;
			buildSettings = {
				ALWAYS_SEARCH_USER_PATHS = NO;
				ASSETCATALOG_COMPILER_GENERATE_SWIFT_ASSET_SYMBOL_EXTENSIONS = YES;
				CLANG_ANALYZER_NONNULL = YES;
				CLANG_ANALYZER_NUMBER_OBJECT_CONVERSION = YES_AGGRESSIVE;
				CLANG_CXX_LANGUAGE_STANDARD = "gnu++20";
				CLANG_ENABLE_MODULES = YES;
				CLANG_ENABLE_OBJC_ARC = YES;
				CLANG_ENABLE_OBJC_WEAK = YES;
				CLANG_WARN_BLOCK_CAPTURE_AUTORELEASING = YES;
				CLANG_WARN_BOOL_CONVERSION = YES;
				CLANG_WARN_COMMA = YES;
				CLANG_WARN_CONSTANT_CONVERSION = YES;
				CLANG_WARN_DEPRECATED_OBJC_IMPLEMENTATIONS = YES;
				CLANG_WARN_DIRECT_OBJC_ISA_USAGE = YES_ERROR;
				CLANG_WARN_DOCUMENTATION_COMMENTS = YES;
				CLANG_WARN_EMPTY_BODY = YES;
				CLANG_WARN_ENUM_CONVERSION = YES;
				CLANG_WARN_INFINITE_RECURSION = YES;
				CLANG_WARN_INT_CONVERSION = YES;
				CLANG_WARN_NON_LITERAL_NULL_CONVERSION = YES;
				CLANG_WARN_OBJC_IMPLICIT_RETAIN_SELF = YES;
				CLANG_WARN_OBJC_LITERAL_CONVERSION = YES;
				CLANG_WARN_OBJC_ROOT_CLASS = YES_ERROR;
				CLANG_WARN_QUOTED_INCLUDE_IN_FRAMEWORK_HEADER = YES;
				CLANG_WARN_RANGE_LOOP_ANALYSIS = YES;
				CLANG_WARN_STRICT_PROTOTYPES = YES;
				CLANG_WARN_SUSPICIOUS_MOVE = YES;
				CLANG_WARN_UNGUARDED_AVAILABILITY = YES_AGGRESSIVE;
				CLANG_WARN_UNREACHABLE_CODE = YES;
				CLANG_WARN__DUPLICATE_METHOD_MATCH = YES;
				COPY_PHASE_STRIP = NO;
				DEBUG_INFORMATION_FORMAT = "dwarf-with-dsym";
				ENABLE_NS_ASSERTIONS = NO;
				ENABLE_STRICT_OBJC_MSGSEND = YES;
				ENABLE_USER_SCRIPT_SANDBOXING = YES;
				GCC_C_LANGUAGE_STANDARD = gnu17;
				GCC_NO_COMMON_BLOCKS = YES;
				GCC_WARN_64_TO_32_BIT_CONVERSION = YES;
				GCC_WARN_ABOUT_RETURN_TYPE = YES_ERROR;
				GCC_WARN_UNDECLARED_SELECTOR = YES;
				GCC_WARN_UNINITIALIZED_AUTOS = YES_AGGRESSIVE;
				GCC_WARN_UNUSED_FUNCTION = YES;
				GCC_WARN_UNUSED_VARIABLE = YES;
				IPHONEOS_DEPLOYMENT_TARGET = 17.0;
				LOCALIZATION_PREFERS_STRING_CATALOGS = YES;
				MTL_ENABLE_DEBUG_INFO = NO;
				MTL_FAST_MATH = YES;
				SDKROOT = iphoneos;
				SWIFT_COMPILATION_MODE = wholemodule;
				VALIDATE_PRODUCT = YES;
			};
			name = Release;
		};
		88A553622AB832F300B32F46 /* Debug */ = {
			isa = XCBuildConfiguration;
			buildSettings = {
				ASSETCATALOG_COMPILER_APPICON_NAME = AppIcon;
				ASSETCATALOG_COMPILER_GLOBAL_ACCENT_COLOR_NAME = AccentColor;
				CODE_SIGN_STYLE = Automatic;
				CURRENT_PROJECT_VERSION = 1;
				DEVELOPMENT_ASSET_PATHS = "\"FirebaseTODOAppByTCA/Preview Content\"";
				DEVELOPMENT_TEAM = JFWN5K94GG;
				ENABLE_PREVIEWS = YES;
				GENERATE_INFOPLIST_FILE = YES;
				INFOPLIST_KEY_UIApplicationSceneManifest_Generation = YES;
				INFOPLIST_KEY_UIApplicationSupportsIndirectInputEvents = YES;
				INFOPLIST_KEY_UILaunchScreen_Generation = YES;
				INFOPLIST_KEY_UISupportedInterfaceOrientations_iPad = "UIInterfaceOrientationPortrait UIInterfaceOrientationPortraitUpsideDown UIInterfaceOrientationLandscapeLeft UIInterfaceOrientationLandscapeRight";
				INFOPLIST_KEY_UISupportedInterfaceOrientations_iPhone = "UIInterfaceOrientationPortrait UIInterfaceOrientationLandscapeLeft UIInterfaceOrientationLandscapeRight";
				LD_RUNPATH_SEARCH_PATHS = (
					"$(inherited)",
					"@executable_path/Frameworks",
				);
				MARKETING_VERSION = 1.0;
				PRODUCT_BUNDLE_IDENTIFIER = "com.naoki-mrmt.FirebaseTODOAppByTCA.FirebaseTODOAppByTCA";
				PRODUCT_NAME = "$(TARGET_NAME)";
				SWIFT_EMIT_LOC_STRINGS = YES;
				SWIFT_VERSION = 5.0;
				TARGETED_DEVICE_FAMILY = "1,2";
			};
			name = Debug;
		};
		88A553632AB832F300B32F46 /* Release */ = {
			isa = XCBuildConfiguration;
			buildSettings = {
				ASSETCATALOG_COMPILER_APPICON_NAME = AppIcon;
				ASSETCATALOG_COMPILER_GLOBAL_ACCENT_COLOR_NAME = AccentColor;
				CODE_SIGN_STYLE = Automatic;
				CURRENT_PROJECT_VERSION = 1;
				DEVELOPMENT_ASSET_PATHS = "\"FirebaseTODOAppByTCA/Preview Content\"";
				DEVELOPMENT_TEAM = JFWN5K94GG;
				ENABLE_PREVIEWS = YES;
				GENERATE_INFOPLIST_FILE = YES;
				INFOPLIST_KEY_UIApplicationSceneManifest_Generation = YES;
				INFOPLIST_KEY_UIApplicationSupportsIndirectInputEvents = YES;
				INFOPLIST_KEY_UILaunchScreen_Generation = YES;
				INFOPLIST_KEY_UISupportedInterfaceOrientations_iPad = "UIInterfaceOrientationPortrait UIInterfaceOrientationPortraitUpsideDown UIInterfaceOrientationLandscapeLeft UIInterfaceOrientationLandscapeRight";
				INFOPLIST_KEY_UISupportedInterfaceOrientations_iPhone = "UIInterfaceOrientationPortrait UIInterfaceOrientationLandscapeLeft UIInterfaceOrientationLandscapeRight";
				LD_RUNPATH_SEARCH_PATHS = (
					"$(inherited)",
					"@executable_path/Frameworks",
				);
				MARKETING_VERSION = 1.0;
				PRODUCT_BUNDLE_IDENTIFIER = "com.naoki-mrmt.FirebaseTODOAppByTCA.FirebaseTODOAppByTCA";
				PRODUCT_NAME = "$(TARGET_NAME)";
				SWIFT_EMIT_LOC_STRINGS = YES;
				SWIFT_VERSION = 5.0;
				TARGETED_DEVICE_FAMILY = "1,2";
			};
			name = Release;
		};
		88A553652AB832F300B32F46 /* Debug */ = {
			isa = XCBuildConfiguration;
			buildSettings = {
				ALWAYS_EMBED_SWIFT_STANDARD_LIBRARIES = YES;
				BUNDLE_LOADER = "$(TEST_HOST)";
				CODE_SIGN_STYLE = Automatic;
				CURRENT_PROJECT_VERSION = 1;
				DEVELOPMENT_TEAM = JFWN5K94GG;
				GENERATE_INFOPLIST_FILE = YES;
				IPHONEOS_DEPLOYMENT_TARGET = 17.0;
				MARKETING_VERSION = 1.0;
				PRODUCT_BUNDLE_IDENTIFIER = "com.naoki-mrmt.FirebaseTODOAppByTCA.FirebaseTODOAppByTCATests";
				PRODUCT_NAME = "$(TARGET_NAME)";
				SWIFT_EMIT_LOC_STRINGS = NO;
				SWIFT_VERSION = 5.0;
				TARGETED_DEVICE_FAMILY = "1,2";
				TEST_HOST = "$(BUILT_PRODUCTS_DIR)/FirebaseTODOAppByTCA.app/$(BUNDLE_EXECUTABLE_FOLDER_PATH)/FirebaseTODOAppByTCA";
			};
			name = Debug;
		};
		88A553662AB832F300B32F46 /* Release */ = {
			isa = XCBuildConfiguration;
			buildSettings = {
				ALWAYS_EMBED_SWIFT_STANDARD_LIBRARIES = YES;
				BUNDLE_LOADER = "$(TEST_HOST)";
				CODE_SIGN_STYLE = Automatic;
				CURRENT_PROJECT_VERSION = 1;
				DEVELOPMENT_TEAM = JFWN5K94GG;
				GENERATE_INFOPLIST_FILE = YES;
				IPHONEOS_DEPLOYMENT_TARGET = 17.0;
				MARKETING_VERSION = 1.0;
				PRODUCT_BUNDLE_IDENTIFIER = "com.naoki-mrmt.FirebaseTODOAppByTCA.FirebaseTODOAppByTCATests";
				PRODUCT_NAME = "$(TARGET_NAME)";
				SWIFT_EMIT_LOC_STRINGS = NO;
				SWIFT_VERSION = 5.0;
				TARGETED_DEVICE_FAMILY = "1,2";
				TEST_HOST = "$(BUILT_PRODUCTS_DIR)/FirebaseTODOAppByTCA.app/$(BUNDLE_EXECUTABLE_FOLDER_PATH)/FirebaseTODOAppByTCA";
			};
			name = Release;
		};
		88A553682AB832F300B32F46 /* Debug */ = {
			isa = XCBuildConfiguration;
			buildSettings = {
				ALWAYS_EMBED_SWIFT_STANDARD_LIBRARIES = YES;
				CODE_SIGN_STYLE = Automatic;
				CURRENT_PROJECT_VERSION = 1;
				DEVELOPMENT_TEAM = JFWN5K94GG;
				GENERATE_INFOPLIST_FILE = YES;
				MARKETING_VERSION = 1.0;
				PRODUCT_BUNDLE_IDENTIFIER = "com.naoki-mrmt.FirebaseTODOAppByTCA.FirebaseTODOAppByTCAUITests";
				PRODUCT_NAME = "$(TARGET_NAME)";
				SWIFT_EMIT_LOC_STRINGS = NO;
				SWIFT_VERSION = 5.0;
				TARGETED_DEVICE_FAMILY = "1,2";
				TEST_TARGET_NAME = FirebaseTODOAppByTCA;
			};
			name = Debug;
		};
		88A553692AB832F300B32F46 /* Release */ = {
			isa = XCBuildConfiguration;
			buildSettings = {
				ALWAYS_EMBED_SWIFT_STANDARD_LIBRARIES = YES;
				CODE_SIGN_STYLE = Automatic;
				CURRENT_PROJECT_VERSION = 1;
				DEVELOPMENT_TEAM = JFWN5K94GG;
				GENERATE_INFOPLIST_FILE = YES;
				MARKETING_VERSION = 1.0;
				PRODUCT_BUNDLE_IDENTIFIER = "com.naoki-mrmt.FirebaseTODOAppByTCA.FirebaseTODOAppByTCAUITests";
				PRODUCT_NAME = "$(TARGET_NAME)";
				SWIFT_EMIT_LOC_STRINGS = NO;
				SWIFT_VERSION = 5.0;
				TARGETED_DEVICE_FAMILY = "1,2";
				TEST_TARGET_NAME = FirebaseTODOAppByTCA;
			};
			name = Release;
		};
/* End XCBuildConfiguration section */

/* Begin XCConfigurationList section */
		88A553382AB832F200B32F46 /* Build configuration list for PBXProject "FirebaseTODOAppByTCA" */ = {
			isa = XCConfigurationList;
			buildConfigurations = (
				88A5535F2AB832F300B32F46 /* Debug */,
				88A553602AB832F300B32F46 /* Release */,
			);
			defaultConfigurationIsVisible = 0;
			defaultConfigurationName = Release;
		};
		88A553612AB832F300B32F46 /* Build configuration list for PBXNativeTarget "FirebaseTODOAppByTCA" */ = {
			isa = XCConfigurationList;
			buildConfigurations = (
				88A553622AB832F300B32F46 /* Debug */,
				88A553632AB832F300B32F46 /* Release */,
			);
			defaultConfigurationIsVisible = 0;
			defaultConfigurationName = Release;
		};
		88A553642AB832F300B32F46 /* Build configuration list for PBXNativeTarget "FirebaseTODOAppByTCATests" */ = {
			isa = XCConfigurationList;
			buildConfigurations = (
				88A553652AB832F300B32F46 /* Debug */,
				88A553662AB832F300B32F46 /* Release */,
			);
			defaultConfigurationIsVisible = 0;
			defaultConfigurationName = Release;
		};
		88A553672AB832F300B32F46 /* Build configuration list for PBXNativeTarget "FirebaseTODOAppByTCAUITests" */ = {
			isa = XCConfigurationList;
			buildConfigurations = (
				88A553682AB832F300B32F46 /* Debug */,
				88A553692AB832F300B32F46 /* Release */,
			);
			defaultConfigurationIsVisible = 0;
			defaultConfigurationName = Release;
		};
/* End XCConfigurationList section */
	};
	rootObject = 88A553352AB832F200B32F46 /* Project object */;
}
